
Microsoft Visual Studio Solution File, Format Version 12.00
# Visual Studio 14
VisualStudioVersion = 14.0.24606.1
MinimumVisualStudioVersion = 10.0.40219.1
Project("{FAE04EC0-301F-11D3-BF4B-00C04F79EFBC}") = "QiMata.CaptainPlanetFoundation", "QiMata.CaptainPlanetFoundation\QiMata.CaptainPlanetFoundation\QiMata.CaptainPlanetFoundation.csproj", "{CE3CC52E-2932-4535-86D9-53543B7A5FBB}"
EndProject
Project("{FAE04EC0-301F-11D3-BF4B-00C04F79EFBC}") = "QiMata.CaptainPlanetFoundation.iOS", "QiMata.CaptainPlanetFoundation\QiMata.CaptainPlanetFoundation.iOS\QiMata.CaptainPlanetFoundation.iOS.csproj", "{C73EB1FA-15CE-45E2-8474-B974A5C93247}"
EndProject
Project("{FAE04EC0-301F-11D3-BF4B-00C04F79EFBC}") = "QiMata.CaptainPlanetFoundation.Droid", "QiMata.CaptainPlanetFoundation\QiMata.CaptainPlanetFoundation.Droid\QiMata.CaptainPlanetFoundation.Droid.csproj", "{AC4F521A-E4CB-4E5C-B566-9EC14B438ED9}"
EndProject
Project("{FAE04EC0-301F-11D3-BF4B-00C04F79EFBC}") = "QiMata.CaptainPlanetFoundation.WinPhone", "QiMata.CaptainPlanetFoundation\QiMata.CaptainPlanetFoundation.WinPhone\QiMata.CaptainPlanetFoundation.WinPhone.csproj", "{391A1983-817B-4915-9823-7A0FE176AB2C}"
EndProject
Project("{2150E333-8FDC-42A3-9474-1A3956D46DE8}") = "Mobile", "Mobile", "{6FB96D65-BDF9-474A-9CA7-3E421606C5BB}"
EndProject
Project("{2150E333-8FDC-42A3-9474-1A3956D46DE8}") = "Web", "Web", "{198B4348-EA79-4C9F-83E2-DC2EFC705BF4}"
EndProject
Project("{FAE04EC0-301F-11D3-BF4B-00C04F79EFBC}") = "QiMata.CaptainPlanetFoundation.WebApiApp", "QiMata.CaptainPlanetFoundation.WebApiApp\QiMata.CaptainPlanetFoundation.WebApiApp.csproj", "{78296199-903A-4141-9AF2-81762558B9B5}"
EndProject
Project("{2150E333-8FDC-42A3-9474-1A3956D46DE8}") = "PublishScripts", "PublishScripts", "{2B2DE3CF-EEBF-49FA-9FC6-B88F95DC5AA2}"
EndProject
Project("{2150E333-8FDC-42A3-9474-1A3956D46DE8}") = "Scripts", "Scripts", "{1BF7B7FB-F62F-48FD-B120-2AC6AA27E30B}"
	ProjectSection(SolutionItems) = preProject
		PublishScripts\Scripts\Deploy-AzureResourceGroup.ps1 = PublishScripts\Scripts\Deploy-AzureResourceGroup.ps1
	EndProjectSection
EndProject
Project("{2150E333-8FDC-42A3-9474-1A3956D46DE8}") = "Templates", "Templates", "{97A3690E-F2B8-416A-AD5F-B66DA4B0AB36}"
	ProjectSection(SolutionItems) = preProject
		PublishScripts\Templates\QiMataCaptainPlanetFoundationWebApiApp.json = PublishScripts\Templates\QiMataCaptainPlanetFoundationWebApiApp.json
		PublishScripts\Templates\QiMataCaptainPlanetFoundationWebApiApp.param.dev.json = PublishScripts\Templates\QiMataCaptainPlanetFoundationWebApiApp.param.dev.json
	EndProjectSection
EndProject
Project("{FAE04EC0-301F-11D3-BF4B-00C04F79EFBC}") = "QiMata.CaptainPlanetFoundation.Dal", "QiMata.CaptainPlanetFoundation.Dal\QiMata.CaptainPlanetFoundation.Dal.csproj", "{29EAAE1C-E8ED-4F30-8E7A-86BFCE291BF8}"
EndProject
Global
	GlobalSection(SolutionConfigurationPlatforms) = preSolution
		Ad-Hoc|Any CPU = Ad-Hoc|Any CPU
		Ad-Hoc|ARM = Ad-Hoc|ARM
		Ad-Hoc|iPhone = Ad-Hoc|iPhone
		Ad-Hoc|iPhoneSimulator = Ad-Hoc|iPhoneSimulator
		Ad-Hoc|x86 = Ad-Hoc|x86
		AppStore|Any CPU = AppStore|Any CPU
		AppStore|ARM = AppStore|ARM
		AppStore|iPhone = AppStore|iPhone
		AppStore|iPhoneSimulator = AppStore|iPhoneSimulator
		AppStore|x86 = AppStore|x86
		Debug|Any CPU = Debug|Any CPU
		Debug|ARM = Debug|ARM
		Debug|iPhone = Debug|iPhone
		Debug|iPhoneSimulator = Debug|iPhoneSimulator
		Debug|x86 = Debug|x86
		Release|Any CPU = Release|Any CPU
		Release|ARM = Release|ARM
		Release|iPhone = Release|iPhone
		Release|iPhoneSimulator = Release|iPhoneSimulator
		Release|x86 = Release|x86
	EndGlobalSection
	GlobalSection(ProjectConfigurationPlatforms) = postSolution
		{CE3CC52E-2932-4535-86D9-53543B7A5FBB}.Ad-Hoc|Any CPU.ActiveCfg = Release|Any CPU
		{CE3CC52E-2932-4535-86D9-53543B7A5FBB}.Ad-Hoc|Any CPU.Build.0 = Release|Any CPU
		{CE3CC52E-2932-4535-86D9-53543B7A5FBB}.Ad-Hoc|ARM.ActiveCfg = Release|Any CPU
		{CE3CC52E-2932-4535-86D9-53543B7A5FBB}.Ad-Hoc|ARM.Build.0 = Release|Any CPU
		{CE3CC52E-2932-4535-86D9-53543B7A5FBB}.Ad-Hoc|iPhone.ActiveCfg = Release|Any CPU
		{CE3CC52E-2932-4535-86D9-53543B7A5FBB}.Ad-Hoc|iPhone.Build.0 = Release|Any CPU
		{CE3CC52E-2932-4535-86D9-53543B7A5FBB}.Ad-Hoc|iPhoneSimulator.ActiveCfg = Release|Any CPU
		{CE3CC52E-2932-4535-86D9-53543B7A5FBB}.Ad-Hoc|iPhoneSimulator.Build.0 = Release|Any CPU
		{CE3CC52E-2932-4535-86D9-53543B7A5FBB}.Ad-Hoc|x86.ActiveCfg = Release|Any CPU
		{CE3CC52E-2932-4535-86D9-53543B7A5FBB}.Ad-Hoc|x86.Build.0 = Release|Any CPU
		{CE3CC52E-2932-4535-86D9-53543B7A5FBB}.AppStore|Any CPU.ActiveCfg = Release|Any CPU
		{CE3CC52E-2932-4535-86D9-53543B7A5FBB}.AppStore|Any CPU.Build.0 = Release|Any CPU
		{CE3CC52E-2932-4535-86D9-53543B7A5FBB}.AppStore|ARM.ActiveCfg = Release|Any CPU
		{CE3CC52E-2932-4535-86D9-53543B7A5FBB}.AppStore|ARM.Build.0 = Release|Any CPU
		{CE3CC52E-2932-4535-86D9-53543B7A5FBB}.AppStore|iPhone.ActiveCfg = Release|Any CPU
		{CE3CC52E-2932-4535-86D9-53543B7A5FBB}.AppStore|iPhone.Build.0 = Release|Any CPU
		{CE3CC52E-2932-4535-86D9-53543B7A5FBB}.AppStore|iPhoneSimulator.ActiveCfg = Release|Any CPU
		{CE3CC52E-2932-4535-86D9-53543B7A5FBB}.AppStore|iPhoneSimulator.Build.0 = Release|Any CPU
		{CE3CC52E-2932-4535-86D9-53543B7A5FBB}.AppStore|x86.ActiveCfg = Release|Any CPU
		{CE3CC52E-2932-4535-86D9-53543B7A5FBB}.AppStore|x86.Build.0 = Release|Any CPU
		{CE3CC52E-2932-4535-86D9-53543B7A5FBB}.Debug|Any CPU.ActiveCfg = Debug|Any CPU
		{CE3CC52E-2932-4535-86D9-53543B7A5FBB}.Debug|Any CPU.Build.0 = Debug|Any CPU
		{CE3CC52E-2932-4535-86D9-53543B7A5FBB}.Debug|ARM.ActiveCfg = Debug|Any CPU
		{CE3CC52E-2932-4535-86D9-53543B7A5FBB}.Debug|ARM.Build.0 = Debug|Any CPU
		{CE3CC52E-2932-4535-86D9-53543B7A5FBB}.Debug|iPhone.ActiveCfg = Debug|Any CPU
		{CE3CC52E-2932-4535-86D9-53543B7A5FBB}.Debug|iPhone.Build.0 = Debug|Any CPU
		{CE3CC52E-2932-4535-86D9-53543B7A5FBB}.Debug|iPhoneSimulator.ActiveCfg = Debug|Any CPU
		{CE3CC52E-2932-4535-86D9-53543B7A5FBB}.Debug|iPhoneSimulator.Build.0 = Debug|Any CPU
		{CE3CC52E-2932-4535-86D9-53543B7A5FBB}.Debug|x86.ActiveCfg = Debug|Any CPU
		{CE3CC52E-2932-4535-86D9-53543B7A5FBB}.Debug|x86.Build.0 = Debug|Any CPU
		{CE3CC52E-2932-4535-86D9-53543B7A5FBB}.Release|Any CPU.ActiveCfg = Release|Any CPU
		{CE3CC52E-2932-4535-86D9-53543B7A5FBB}.Release|Any CPU.Build.0 = Release|Any CPU
		{CE3CC52E-2932-4535-86D9-53543B7A5FBB}.Release|ARM.ActiveCfg = Release|Any CPU
		{CE3CC52E-2932-4535-86D9-53543B7A5FBB}.Release|ARM.Build.0 = Release|Any CPU
		{CE3CC52E-2932-4535-86D9-53543B7A5FBB}.Release|iPhone.ActiveCfg = Release|Any CPU
		{CE3CC52E-2932-4535-86D9-53543B7A5FBB}.Release|iPhone.Build.0 = Release|Any CPU
		{CE3CC52E-2932-4535-86D9-53543B7A5FBB}.Release|iPhoneSimulator.ActiveCfg = Release|Any CPU
		{CE3CC52E-2932-4535-86D9-53543B7A5FBB}.Release|iPhoneSimulator.Build.0 = Release|Any CPU
		{CE3CC52E-2932-4535-86D9-53543B7A5FBB}.Release|x86.ActiveCfg = Release|Any CPU
		{CE3CC52E-2932-4535-86D9-53543B7A5FBB}.Release|x86.Build.0 = Release|Any CPU
		{C73EB1FA-15CE-45E2-8474-B974A5C93247}.Ad-Hoc|Any CPU.ActiveCfg = Ad-Hoc|iPhone
		{C73EB1FA-15CE-45E2-8474-B974A5C93247}.Ad-Hoc|ARM.ActiveCfg = Ad-Hoc|iPhone
		{C73EB1FA-15CE-45E2-8474-B974A5C93247}.Ad-Hoc|iPhone.ActiveCfg = Ad-Hoc|iPhone
		{C73EB1FA-15CE-45E2-8474-B974A5C93247}.Ad-Hoc|iPhone.Build.0 = Ad-Hoc|iPhone
		{C73EB1FA-15CE-45E2-8474-B974A5C93247}.Ad-Hoc|iPhoneSimulator.ActiveCfg = Ad-Hoc|iPhoneSimulator
		{C73EB1FA-15CE-45E2-8474-B974A5C93247}.Ad-Hoc|iPhoneSimulator.Build.0 = Ad-Hoc|iPhoneSimulator
		{C73EB1FA-15CE-45E2-8474-B974A5C93247}.Ad-Hoc|x86.ActiveCfg = Ad-Hoc|iPhone
		{C73EB1FA-15CE-45E2-8474-B974A5C93247}.AppStore|Any CPU.ActiveCfg = AppStore|iPhone
		{C73EB1FA-15CE-45E2-8474-B974A5C93247}.AppStore|ARM.ActiveCfg = AppStore|iPhone
		{C73EB1FA-15CE-45E2-8474-B974A5C93247}.AppStore|iPhone.ActiveCfg = AppStore|iPhone
		{C73EB1FA-15CE-45E2-8474-B974A5C93247}.AppStore|iPhone.Build.0 = AppStore|iPhone
		{C73EB1FA-15CE-45E2-8474-B974A5C93247}.AppStore|iPhoneSimulator.ActiveCfg = AppStore|iPhoneSimulator
		{C73EB1FA-15CE-45E2-8474-B974A5C93247}.AppStore|iPhoneSimulator.Build.0 = AppStore|iPhoneSimulator
		{C73EB1FA-15CE-45E2-8474-B974A5C93247}.AppStore|x86.ActiveCfg = AppStore|iPhone
		{C73EB1FA-15CE-45E2-8474-B974A5C93247}.Debug|Any CPU.ActiveCfg = Debug|iPhone
		{C73EB1FA-15CE-45E2-8474-B974A5C93247}.Debug|ARM.ActiveCfg = Debug|iPhone
		{C73EB1FA-15CE-45E2-8474-B974A5C93247}.Debug|iPhone.ActiveCfg = Debug|iPhone
		{C73EB1FA-15CE-45E2-8474-B974A5C93247}.Debug|iPhone.Build.0 = Debug|iPhone
		{C73EB1FA-15CE-45E2-8474-B974A5C93247}.Debug|iPhoneSimulator.ActiveCfg = Debug|iPhoneSimulator
		{C73EB1FA-15CE-45E2-8474-B974A5C93247}.Debug|iPhoneSimulator.Build.0 = Debug|iPhoneSimulator
		{C73EB1FA-15CE-45E2-8474-B974A5C93247}.Debug|x86.ActiveCfg = Debug|iPhone
		{C73EB1FA-15CE-45E2-8474-B974A5C93247}.Release|Any CPU.ActiveCfg = Release|iPhone
		{C73EB1FA-15CE-45E2-8474-B974A5C93247}.Release|ARM.ActiveCfg = Release|iPhone
		{C73EB1FA-15CE-45E2-8474-B974A5C93247}.Release|iPhone.ActiveCfg = Release|iPhone
		{C73EB1FA-15CE-45E2-8474-B974A5C93247}.Release|iPhone.Build.0 = Release|iPhone
		{C73EB1FA-15CE-45E2-8474-B974A5C93247}.Release|iPhoneSimulator.ActiveCfg = Release|iPhoneSimulator
		{C73EB1FA-15CE-45E2-8474-B974A5C93247}.Release|iPhoneSimulator.Build.0 = Release|iPhoneSimulator
		{C73EB1FA-15CE-45E2-8474-B974A5C93247}.Release|x86.ActiveCfg = Release|iPhone
		{AC4F521A-E4CB-4E5C-B566-9EC14B438ED9}.Ad-Hoc|Any CPU.ActiveCfg = Release|Any CPU
		{AC4F521A-E4CB-4E5C-B566-9EC14B438ED9}.Ad-Hoc|Any CPU.Build.0 = Release|Any CPU
		{AC4F521A-E4CB-4E5C-B566-9EC14B438ED9}.Ad-Hoc|Any CPU.Deploy.0 = Release|Any CPU
		{AC4F521A-E4CB-4E5C-B566-9EC14B438ED9}.Ad-Hoc|ARM.ActiveCfg = Release|Any CPU
		{AC4F521A-E4CB-4E5C-B566-9EC14B438ED9}.Ad-Hoc|ARM.Build.0 = Release|Any CPU
		{AC4F521A-E4CB-4E5C-B566-9EC14B438ED9}.Ad-Hoc|ARM.Deploy.0 = Release|Any CPU
		{AC4F521A-E4CB-4E5C-B566-9EC14B438ED9}.Ad-Hoc|iPhone.ActiveCfg = Release|Any CPU
		{AC4F521A-E4CB-4E5C-B566-9EC14B438ED9}.Ad-Hoc|iPhone.Build.0 = Release|Any CPU
		{AC4F521A-E4CB-4E5C-B566-9EC14B438ED9}.Ad-Hoc|iPhone.Deploy.0 = Release|Any CPU
		{AC4F521A-E4CB-4E5C-B566-9EC14B438ED9}.Ad-Hoc|iPhoneSimulator.ActiveCfg = Release|Any CPU
		{AC4F521A-E4CB-4E5C-B566-9EC14B438ED9}.Ad-Hoc|iPhoneSimulator.Build.0 = Release|Any CPU
		{AC4F521A-E4CB-4E5C-B566-9EC14B438ED9}.Ad-Hoc|iPhoneSimulator.Deploy.0 = Release|Any CPU
		{AC4F521A-E4CB-4E5C-B566-9EC14B438ED9}.Ad-Hoc|x86.ActiveCfg = Release|Any CPU
		{AC4F521A-E4CB-4E5C-B566-9EC14B438ED9}.Ad-Hoc|x86.Build.0 = Release|Any CPU
		{AC4F521A-E4CB-4E5C-B566-9EC14B438ED9}.Ad-Hoc|x86.Deploy.0 = Release|Any CPU
		{AC4F521A-E4CB-4E5C-B566-9EC14B438ED9}.AppStore|Any CPU.ActiveCfg = Release|Any CPU
		{AC4F521A-E4CB-4E5C-B566-9EC14B438ED9}.AppStore|Any CPU.Build.0 = Release|Any CPU
		{AC4F521A-E4CB-4E5C-B566-9EC14B438ED9}.AppStore|Any CPU.Deploy.0 = Release|Any CPU
		{AC4F521A-E4CB-4E5C-B566-9EC14B438ED9}.AppStore|ARM.ActiveCfg = Release|Any CPU
		{AC4F521A-E4CB-4E5C-B566-9EC14B438ED9}.AppStore|ARM.Build.0 = Release|Any CPU
		{AC4F521A-E4CB-4E5C-B566-9EC14B438ED9}.AppStore|ARM.Deploy.0 = Release|Any CPU
		{AC4F521A-E4CB-4E5C-B566-9EC14B438ED9}.AppStore|iPhone.ActiveCfg = Release|Any CPU
		{AC4F521A-E4CB-4E5C-B566-9EC14B438ED9}.AppStore|iPhone.Build.0 = Release|Any CPU
		{AC4F521A-E4CB-4E5C-B566-9EC14B438ED9}.AppStore|iPhone.Deploy.0 = Release|Any CPU
		{AC4F521A-E4CB-4E5C-B566-9EC14B438ED9}.AppStore|iPhoneSimulator.ActiveCfg = Release|Any CPU
		{AC4F521A-E4CB-4E5C-B566-9EC14B438ED9}.AppStore|iPhoneSimulator.Build.0 = Release|Any CPU
		{AC4F521A-E4CB-4E5C-B566-9EC14B438ED9}.AppStore|iPhoneSimulator.Deploy.0 = Release|Any CPU
		{AC4F521A-E4CB-4E5C-B566-9EC14B438ED9}.AppStore|x86.ActiveCfg = Release|Any CPU
		{AC4F521A-E4CB-4E5C-B566-9EC14B438ED9}.AppStore|x86.Build.0 = Release|Any CPU
		{AC4F521A-E4CB-4E5C-B566-9EC14B438ED9}.AppStore|x86.Deploy.0 = Release|Any CPU
		{AC4F521A-E4CB-4E5C-B566-9EC14B438ED9}.Debug|Any CPU.ActiveCfg = Debug|Any CPU
		{AC4F521A-E4CB-4E5C-B566-9EC14B438ED9}.Debug|Any CPU.Build.0 = Debug|Any CPU
		{AC4F521A-E4CB-4E5C-B566-9EC14B438ED9}.Debug|Any CPU.Deploy.0 = Debug|Any CPU
		{AC4F521A-E4CB-4E5C-B566-9EC14B438ED9}.Debug|ARM.ActiveCfg = Debug|Any CPU
		{AC4F521A-E4CB-4E5C-B566-9EC14B438ED9}.Debug|ARM.Build.0 = Debug|Any CPU
		{AC4F521A-E4CB-4E5C-B566-9EC14B438ED9}.Debug|ARM.Deploy.0 = Debug|Any CPU
		{AC4F521A-E4CB-4E5C-B566-9EC14B438ED9}.Debug|iPhone.ActiveCfg = Debug|Any CPU
		{AC4F521A-E4CB-4E5C-B566-9EC14B438ED9}.Debug|iPhone.Build.0 = Debug|Any CPU
		{AC4F521A-E4CB-4E5C-B566-9EC14B438ED9}.Debug|iPhone.Deploy.0 = Debug|Any CPU
		{AC4F521A-E4CB-4E5C-B566-9EC14B438ED9}.Debug|iPhoneSimulator.ActiveCfg = Debug|Any CPU
		{AC4F521A-E4CB-4E5C-B566-9EC14B438ED9}.Debug|iPhoneSimulator.Build.0 = Debug|Any CPU
		{AC4F521A-E4CB-4E5C-B566-9EC14B438ED9}.Debug|iPhoneSimulator.Deploy.0 = Debug|Any CPU
		{AC4F521A-E4CB-4E5C-B566-9EC14B438ED9}.Debug|x86.ActiveCfg = Debug|Any CPU
		{AC4F521A-E4CB-4E5C-B566-9EC14B438ED9}.Debug|x86.Build.0 = Debug|Any CPU
		{AC4F521A-E4CB-4E5C-B566-9EC14B438ED9}.Debug|x86.Deploy.0 = Debug|Any CPU
		{AC4F521A-E4CB-4E5C-B566-9EC14B438ED9}.Release|Any CPU.ActiveCfg = Release|Any CPU
		{AC4F521A-E4CB-4E5C-B566-9EC14B438ED9}.Release|Any CPU.Build.0 = Release|Any CPU
		{AC4F521A-E4CB-4E5C-B566-9EC14B438ED9}.Release|Any CPU.Deploy.0 = Release|Any CPU
		{AC4F521A-E4CB-4E5C-B566-9EC14B438ED9}.Release|ARM.ActiveCfg = Release|Any CPU
		{AC4F521A-E4CB-4E5C-B566-9EC14B438ED9}.Release|ARM.Build.0 = Release|Any CPU
		{AC4F521A-E4CB-4E5C-B566-9EC14B438ED9}.Release|ARM.Deploy.0 = Release|Any CPU
		{AC4F521A-E4CB-4E5C-B566-9EC14B438ED9}.Release|iPhone.ActiveCfg = Release|Any CPU
		{AC4F521A-E4CB-4E5C-B566-9EC14B438ED9}.Release|iPhone.Build.0 = Release|Any CPU
		{AC4F521A-E4CB-4E5C-B566-9EC14B438ED9}.Release|iPhone.Deploy.0 = Release|Any CPU
		{AC4F521A-E4CB-4E5C-B566-9EC14B438ED9}.Release|iPhoneSimulator.ActiveCfg = Release|Any CPU
		{AC4F521A-E4CB-4E5C-B566-9EC14B438ED9}.Release|iPhoneSimulator.Build.0 = Release|Any CPU
		{AC4F521A-E4CB-4E5C-B566-9EC14B438ED9}.Release|iPhoneSimulator.Deploy.0 = Release|Any CPU
		{AC4F521A-E4CB-4E5C-B566-9EC14B438ED9}.Release|x86.ActiveCfg = Release|Any CPU
		{AC4F521A-E4CB-4E5C-B566-9EC14B438ED9}.Release|x86.Build.0 = Release|Any CPU
		{AC4F521A-E4CB-4E5C-B566-9EC14B438ED9}.Release|x86.Deploy.0 = Release|Any CPU
		{391A1983-817B-4915-9823-7A0FE176AB2C}.Ad-Hoc|Any CPU.ActiveCfg = Release|Any CPU
		{391A1983-817B-4915-9823-7A0FE176AB2C}.Ad-Hoc|Any CPU.Build.0 = Release|Any CPU
		{391A1983-817B-4915-9823-7A0FE176AB2C}.Ad-Hoc|Any CPU.Deploy.0 = Release|Any CPU
		{391A1983-817B-4915-9823-7A0FE176AB2C}.Ad-Hoc|ARM.ActiveCfg = Release|ARM
		{391A1983-817B-4915-9823-7A0FE176AB2C}.Ad-Hoc|ARM.Build.0 = Release|ARM
		{391A1983-817B-4915-9823-7A0FE176AB2C}.Ad-Hoc|ARM.Deploy.0 = Release|ARM
		{391A1983-817B-4915-9823-7A0FE176AB2C}.Ad-Hoc|iPhone.ActiveCfg = Release|Any CPU
		{391A1983-817B-4915-9823-7A0FE176AB2C}.Ad-Hoc|iPhone.Build.0 = Release|Any CPU
		{391A1983-817B-4915-9823-7A0FE176AB2C}.Ad-Hoc|iPhone.Deploy.0 = Release|Any CPU
		{391A1983-817B-4915-9823-7A0FE176AB2C}.Ad-Hoc|iPhoneSimulator.ActiveCfg = Release|Any CPU
		{391A1983-817B-4915-9823-7A0FE176AB2C}.Ad-Hoc|iPhoneSimulator.Build.0 = Release|Any CPU
		{391A1983-817B-4915-9823-7A0FE176AB2C}.Ad-Hoc|iPhoneSimulator.Deploy.0 = Release|Any CPU
		{391A1983-817B-4915-9823-7A0FE176AB2C}.Ad-Hoc|x86.ActiveCfg = Release|x86
		{391A1983-817B-4915-9823-7A0FE176AB2C}.Ad-Hoc|x86.Build.0 = Release|x86
		{391A1983-817B-4915-9823-7A0FE176AB2C}.Ad-Hoc|x86.Deploy.0 = Release|x86
		{391A1983-817B-4915-9823-7A0FE176AB2C}.AppStore|Any CPU.ActiveCfg = Release|Any CPU
		{391A1983-817B-4915-9823-7A0FE176AB2C}.AppStore|Any CPU.Build.0 = Release|Any CPU
		{391A1983-817B-4915-9823-7A0FE176AB2C}.AppStore|Any CPU.Deploy.0 = Release|Any CPU
		{391A1983-817B-4915-9823-7A0FE176AB2C}.AppStore|ARM.ActiveCfg = Release|ARM
		{391A1983-817B-4915-9823-7A0FE176AB2C}.AppStore|ARM.Build.0 = Release|ARM
		{391A1983-817B-4915-9823-7A0FE176AB2C}.AppStore|ARM.Deploy.0 = Release|ARM
		{391A1983-817B-4915-9823-7A0FE176AB2C}.AppStore|iPhone.ActiveCfg = Release|Any CPU
		{391A1983-817B-4915-9823-7A0FE176AB2C}.AppStore|iPhone.Build.0 = Release|Any CPU
		{391A1983-817B-4915-9823-7A0FE176AB2C}.AppStore|iPhone.Deploy.0 = Release|Any CPU
		{391A1983-817B-4915-9823-7A0FE176AB2C}.AppStore|iPhoneSimulator.ActiveCfg = Release|Any CPU
		{391A1983-817B-4915-9823-7A0FE176AB2C}.AppStore|iPhoneSimulator.Build.0 = Release|Any CPU
		{391A1983-817B-4915-9823-7A0FE176AB2C}.AppStore|iPhoneSimulator.Deploy.0 = Release|Any CPU
		{391A1983-817B-4915-9823-7A0FE176AB2C}.AppStore|x86.ActiveCfg = Release|x86
		{391A1983-817B-4915-9823-7A0FE176AB2C}.AppStore|x86.Build.0 = Release|x86
		{391A1983-817B-4915-9823-7A0FE176AB2C}.AppStore|x86.Deploy.0 = Release|x86
		{391A1983-817B-4915-9823-7A0FE176AB2C}.Debug|Any CPU.ActiveCfg = Debug|Any CPU
		{391A1983-817B-4915-9823-7A0FE176AB2C}.Debug|Any CPU.Build.0 = Debug|Any CPU
		{391A1983-817B-4915-9823-7A0FE176AB2C}.Debug|Any CPU.Deploy.0 = Debug|Any CPU
		{391A1983-817B-4915-9823-7A0FE176AB2C}.Debug|ARM.ActiveCfg = Debug|ARM
		{391A1983-817B-4915-9823-7A0FE176AB2C}.Debug|ARM.Build.0 = Debug|ARM
		{391A1983-817B-4915-9823-7A0FE176AB2C}.Debug|ARM.Deploy.0 = Debug|ARM
		{391A1983-817B-4915-9823-7A0FE176AB2C}.Debug|iPhone.ActiveCfg = Debug|Any CPU
		{391A1983-817B-4915-9823-7A0FE176AB2C}.Debug|iPhone.Build.0 = Debug|Any CPU
		{391A1983-817B-4915-9823-7A0FE176AB2C}.Debug|iPhone.Deploy.0 = Debug|Any CPU
		{391A1983-817B-4915-9823-7A0FE176AB2C}.Debug|iPhoneSimulator.ActiveCfg = Debug|Any CPU
		{391A1983-817B-4915-9823-7A0FE176AB2C}.Debug|iPhoneSimulator.Build.0 = Debug|Any CPU
		{391A1983-817B-4915-9823-7A0FE176AB2C}.Debug|iPhoneSimulator.Deploy.0 = Debug|Any CPU
		{391A1983-817B-4915-9823-7A0FE176AB2C}.Debug|x86.ActiveCfg = Debug|x86
		{391A1983-817B-4915-9823-7A0FE176AB2C}.Debug|x86.Build.0 = Debug|x86
		{391A1983-817B-4915-9823-7A0FE176AB2C}.Debug|x86.Deploy.0 = Debug|x86
		{391A1983-817B-4915-9823-7A0FE176AB2C}.Release|Any CPU.ActiveCfg = Release|Any CPU
		{391A1983-817B-4915-9823-7A0FE176AB2C}.Release|Any CPU.Build.0 = Release|Any CPU
		{391A1983-817B-4915-9823-7A0FE176AB2C}.Release|Any CPU.Deploy.0 = Release|Any CPU
		{391A1983-817B-4915-9823-7A0FE176AB2C}.Release|ARM.ActiveCfg = Release|ARM
		{391A1983-817B-4915-9823-7A0FE176AB2C}.Release|ARM.Build.0 = Release|ARM
		{391A1983-817B-4915-9823-7A0FE176AB2C}.Release|ARM.Deploy.0 = Release|ARM
		{391A1983-817B-4915-9823-7A0FE176AB2C}.Release|iPhone.ActiveCfg = Release|Any CPU
		{391A1983-817B-4915-9823-7A0FE176AB2C}.Release|iPhone.Build.0 = Release|Any CPU
		{391A1983-817B-4915-9823-7A0FE176AB2C}.Release|iPhone.Deploy.0 = Release|Any CPU
		{391A1983-817B-4915-9823-7A0FE176AB2C}.Release|iPhoneSimulator.ActiveCfg = Release|Any CPU
		{391A1983-817B-4915-9823-7A0FE176AB2C}.Release|iPhoneSimulator.Build.0 = Release|Any CPU
		{391A1983-817B-4915-9823-7A0FE176AB2C}.Release|iPhoneSimulator.Deploy.0 = Release|Any CPU
		{391A1983-817B-4915-9823-7A0FE176AB2C}.Release|x86.ActiveCfg = Release|x86
		{391A1983-817B-4915-9823-7A0FE176AB2C}.Release|x86.Build.0 = Release|x86
		{391A1983-817B-4915-9823-7A0FE176AB2C}.Release|x86.Deploy.0 = Release|x86
		{78296199-903A-4141-9AF2-81762558B9B5}.Ad-Hoc|Any CPU.ActiveCfg = Release|Any CPU
		{78296199-903A-4141-9AF2-81762558B9B5}.Ad-Hoc|Any CPU.Build.0 = Release|Any CPU
		{78296199-903A-4141-9AF2-81762558B9B5}.Ad-Hoc|ARM.ActiveCfg = Release|Any CPU
		{78296199-903A-4141-9AF2-81762558B9B5}.Ad-Hoc|ARM.Build.0 = Release|Any CPU
		{78296199-903A-4141-9AF2-81762558B9B5}.Ad-Hoc|iPhone.ActiveCfg = Release|Any CPU
		{78296199-903A-4141-9AF2-81762558B9B5}.Ad-Hoc|iPhone.Build.0 = Release|Any CPU
		{78296199-903A-4141-9AF2-81762558B9B5}.Ad-Hoc|iPhoneSimulator.ActiveCfg = Release|Any CPU
		{78296199-903A-4141-9AF2-81762558B9B5}.Ad-Hoc|iPhoneSimulator.Build.0 = Release|Any CPU
		{78296199-903A-4141-9AF2-81762558B9B5}.Ad-Hoc|x86.ActiveCfg = Release|Any CPU
		{78296199-903A-4141-9AF2-81762558B9B5}.Ad-Hoc|x86.Build.0 = Release|Any CPU
		{78296199-903A-4141-9AF2-81762558B9B5}.AppStore|Any CPU.ActiveCfg = Release|Any CPU
		{78296199-903A-4141-9AF2-81762558B9B5}.AppStore|Any CPU.Build.0 = Release|Any CPU
		{78296199-903A-4141-9AF2-81762558B9B5}.AppStore|ARM.ActiveCfg = Release|Any CPU
		{78296199-903A-4141-9AF2-81762558B9B5}.AppStore|ARM.Build.0 = Release|Any CPU
		{78296199-903A-4141-9AF2-81762558B9B5}.AppStore|iPhone.ActiveCfg = Release|Any CPU
		{78296199-903A-4141-9AF2-81762558B9B5}.AppStore|iPhone.Build.0 = Release|Any CPU
		{78296199-903A-4141-9AF2-81762558B9B5}.AppStore|iPhoneSimulator.ActiveCfg = Release|Any CPU
		{78296199-903A-4141-9AF2-81762558B9B5}.AppStore|iPhoneSimulator.Build.0 = Release|Any CPU
		{78296199-903A-4141-9AF2-81762558B9B5}.AppStore|x86.ActiveCfg = Release|Any CPU
		{78296199-903A-4141-9AF2-81762558B9B5}.AppStore|x86.Build.0 = Release|Any CPU
		{78296199-903A-4141-9AF2-81762558B9B5}.Debug|Any CPU.ActiveCfg = Debug|Any CPU
		{78296199-903A-4141-9AF2-81762558B9B5}.Debug|Any CPU.Build.0 = Debug|Any CPU
		{78296199-903A-4141-9AF2-81762558B9B5}.Debug|ARM.ActiveCfg = Debug|Any CPU
		{78296199-903A-4141-9AF2-81762558B9B5}.Debug|ARM.Build.0 = Debug|Any CPU
		{78296199-903A-4141-9AF2-81762558B9B5}.Debug|iPhone.ActiveCfg = Debug|Any CPU
		{78296199-903A-4141-9AF2-81762558B9B5}.Debug|iPhone.Build.0 = Debug|Any CPU
		{78296199-903A-4141-9AF2-81762558B9B5}.Debug|iPhoneSimulator.ActiveCfg = Debug|Any CPU
		{78296199-903A-4141-9AF2-81762558B9B5}.Debug|iPhoneSimulator.Build.0 = Debug|Any CPU
		{78296199-903A-4141-9AF2-81762558B9B5}.Debug|x86.ActiveCfg = Debug|Any CPU
		{78296199-903A-4141-9AF2-81762558B9B5}.Debug|x86.Build.0 = Debug|Any CPU
		{78296199-903A-4141-9AF2-81762558B9B5}.Release|Any CPU.ActiveCfg = Release|Any CPU
		{78296199-903A-4141-9AF2-81762558B9B5}.Release|Any CPU.Build.0 = Release|Any CPU
		{78296199-903A-4141-9AF2-81762558B9B5}.Release|ARM.ActiveCfg = Release|Any CPU
		{78296199-903A-4141-9AF2-81762558B9B5}.Release|ARM.Build.0 = Release|Any CPU
		{78296199-903A-4141-9AF2-81762558B9B5}.Release|iPhone.ActiveCfg = Release|Any CPU
		{78296199-903A-4141-9AF2-81762558B9B5}.Release|iPhone.Build.0 = Release|Any CPU
		{78296199-903A-4141-9AF2-81762558B9B5}.Release|iPhoneSimulator.ActiveCfg = Release|Any CPU
		{78296199-903A-4141-9AF2-81762558B9B5}.Release|iPhoneSimulator.Build.0 = Release|Any CPU
		{78296199-903A-4141-9AF2-81762558B9B5}.Release|x86.ActiveCfg = Release|Any CPU
		{78296199-903A-4141-9AF2-81762558B9B5}.Release|x86.Build.0 = Release|Any CPU
		{29EAAE1C-E8ED-4F30-8E7A-86BFCE291BF8}.Ad-Hoc|Any CPU.ActiveCfg = Release|Any CPU
		{29EAAE1C-E8ED-4F30-8E7A-86BFCE291BF8}.Ad-Hoc|Any CPU.Build.0 = Release|Any CPU
		{29EAAE1C-E8ED-4F30-8E7A-86BFCE291BF8}.Ad-Hoc|ARM.ActiveCfg = Release|Any CPU
		{29EAAE1C-E8ED-4F30-8E7A-86BFCE291BF8}.Ad-Hoc|ARM.Build.0 = Release|Any CPU
		{29EAAE1C-E8ED-4F30-8E7A-86BFCE291BF8}.Ad-Hoc|iPhone.ActiveCfg = Release|Any CPU
		{29EAAE1C-E8ED-4F30-8E7A-86BFCE291BF8}.Ad-Hoc|iPhone.Build.0 = Release|Any CPU
		{29EAAE1C-E8ED-4F30-8E7A-86BFCE291BF8}.Ad-Hoc|iPhoneSimulator.ActiveCfg = Release|Any CPU
		{29EAAE1C-E8ED-4F30-8E7A-86BFCE291BF8}.Ad-Hoc|iPhoneSimulator.Build.0 = Release|Any CPU
		{29EAAE1C-E8ED-4F30-8E7A-86BFCE291BF8}.Ad-Hoc|x86.ActiveCfg = Release|Any CPU
		{29EAAE1C-E8ED-4F30-8E7A-86BFCE291BF8}.Ad-Hoc|x86.Build.0 = Release|Any CPU
		{29EAAE1C-E8ED-4F30-8E7A-86BFCE291BF8}.AppStore|Any CPU.ActiveCfg = Release|Any CPU
		{29EAAE1C-E8ED-4F30-8E7A-86BFCE291BF8}.AppStore|Any CPU.Build.0 = Release|Any CPU
		{29EAAE1C-E8ED-4F30-8E7A-86BFCE291BF8}.AppStore|ARM.ActiveCfg = Release|Any CPU
		{29EAAE1C-E8ED-4F30-8E7A-86BFCE291BF8}.AppStore|ARM.Build.0 = Release|Any CPU
		{29EAAE1C-E8ED-4F30-8E7A-86BFCE291BF8}.AppStore|iPhone.ActiveCfg = Release|Any CPU
		{29EAAE1C-E8ED-4F30-8E7A-86BFCE291BF8}.AppStore|iPhone.Build.0 = Release|Any CPU
		{29EAAE1C-E8ED-4F30-8E7A-86BFCE291BF8}.AppStore|iPhoneSimulator.ActiveCfg = Release|Any CPU
		{29EAAE1C-E8ED-4F30-8E7A-86BFCE291BF8}.AppStore|iPhoneSimulator.Build.0 = Release|Any CPU
		{29EAAE1C-E8ED-4F30-8E7A-86BFCE291BF8}.AppStore|x86.ActiveCfg = Release|Any CPU
		{29EAAE1C-E8ED-4F30-8E7A-86BFCE291BF8}.AppStore|x86.Build.0 = Release|Any CPU
		{29EAAE1C-E8ED-4F30-8E7A-86BFCE291BF8}.Debug|Any CPU.ActiveCfg = Debug|Any CPU
		{29EAAE1C-E8ED-4F30-8E7A-86BFCE291BF8}.Debug|Any CPU.Build.0 = Debug|Any CPU
		{29EAAE1C-E8ED-4F30-8E7A-86BFCE291BF8}.Debug|ARM.ActiveCfg = Debug|Any CPU
		{29EAAE1C-E8ED-4F30-8E7A-86BFCE291BF8}.Debug|ARM.Build.0 = Debug|Any CPU
		{29EAAE1C-E8ED-4F30-8E7A-86BFCE291BF8}.Debug|iPhone.ActiveCfg = Debug|Any CPU
		{29EAAE1C-E8ED-4F30-8E7A-86BFCE291BF8}.Debug|iPhone.Build.0 = Debug|Any CPU
		{29EAAE1C-E8ED-4F30-8E7A-86BFCE291BF8}.Debug|iPhoneSimulator.ActiveCfg = Debug|Any CPU
		{29EAAE1C-E8ED-4F30-8E7A-86BFCE291BF8}.Debug|iPhoneSimulator.Build.0 = Debug|Any CPU
		{29EAAE1C-E8ED-4F30-8E7A-86BFCE291BF8}.Debug|x86.ActiveCfg = Debug|Any CPU
		{29EAAE1C-E8ED-4F30-8E7A-86BFCE291BF8}.Debug|x86.Build.0 = Debug|Any CPU
		{29EAAE1C-E8ED-4F30-8E7A-86BFCE291BF8}.Release|Any CPU.ActiveCfg = Release|Any CPU
		{29EAAE1C-E8ED-4F30-8E7A-86BFCE291BF8}.Release|Any CPU.Build.0 = Release|Any CPU
		{29EAAE1C-E8ED-4F30-8E7A-86BFCE291BF8}.Release|ARM.ActiveCfg = Release|Any CPU
		{29EAAE1C-E8ED-4F30-8E7A-86BFCE291BF8}.Release|ARM.Build.0 = Release|Any CPU
		{29EAAE1C-E8ED-4F30-8E7A-86BFCE291BF8}.Release|iPhone.ActiveCfg = Release|Any CPU
		{29EAAE1C-E8ED-4F30-8E7A-86BFCE291BF8}.Release|iPhone.Build.0 = Release|Any CPU
		{29EAAE1C-E8ED-4F30-8E7A-86BFCE291BF8}.Release|iPhoneSimulator.ActiveCfg = Release|Any CPU
		{29EAAE1C-E8ED-4F30-8E7A-86BFCE291BF8}.Release|iPhoneSimulator.Build.0 = Release|Any CPU
		{29EAAE1C-E8ED-4F30-8E7A-86BFCE291BF8}.Release|x86.ActiveCfg = Release|Any CPU
		{29EAAE1C-E8ED-4F30-8E7A-86BFCE291BF8}.Release|x86.Build.0 = Release|Any CPU
	EndGlobalSection
	GlobalSection(SolutionProperties) = preSolution
		HideSolutionNode = FALSE
	EndGlobalSection
	GlobalSection(NestedProjects) = preSolution
		{CE3CC52E-2932-4535-86D9-53543B7A5FBB} = {6FB96D65-BDF9-474A-9CA7-3E421606C5BB}
		{C73EB1FA-15CE-45E2-8474-B974A5C93247} = {6FB96D65-BDF9-474A-9CA7-3E421606C5BB}
		{AC4F521A-E4CB-4E5C-B566-9EC14B438ED9} = {6FB96D65-BDF9-474A-9CA7-3E421606C5BB}
		{391A1983-817B-4915-9823-7A0FE176AB2C} = {6FB96D65-BDF9-474A-9CA7-3E421606C5BB}
		{78296199-903A-4141-9AF2-81762558B9B5} = {198B4348-EA79-4C9F-83E2-DC2EFC705BF4}
		{2B2DE3CF-EEBF-49FA-9FC6-B88F95DC5AA2} = {198B4348-EA79-4C9F-83E2-DC2EFC705BF4}
		{1BF7B7FB-F62F-48FD-B120-2AC6AA27E30B} = {2B2DE3CF-EEBF-49FA-9FC6-B88F95DC5AA2}
		{97A3690E-F2B8-416A-AD5F-B66DA4B0AB36} = {2B2DE3CF-EEBF-49FA-9FC6-B88F95DC5AA2}
		{29EAAE1C-E8ED-4F30-8E7A-86BFCE291BF8} = {198B4348-EA79-4C9F-83E2-DC2EFC705BF4}
	EndGlobalSection
EndGlobal
